// !$*UTF8*$!
{
	archiveVersion = 1;
	classes = {
	};
	objectVersion = 56;
	objects = {

/* Begin PBXBuildFile section */
		2D7D990B29C379A800D78A34 /* BitkilerVC.swift in Sources */ = {isa = PBXBuildFile; fileRef = 2D7D990A29C379A800D78A34 /* BitkilerVC.swift */; };
		2D7D990D29C37DCD00D78A34 /* BitkilerDetayVC.swift in Sources */ = {isa = PBXBuildFile; fileRef = 2D7D990C29C37DCD00D78A34 /* BitkilerDetayVC.swift */; };
		2D7D990F29C37E3300D78A34 /* NelerdenKorunmaliyizVC.swift in Sources */ = {isa = PBXBuildFile; fileRef = 2D7D990E29C37E3300D78A34 /* NelerdenKorunmaliyizVC.swift */; };
		2D7D991129C37E6700D78A34 /* FarkindalikVC.swift in Sources */ = {isa = PBXBuildFile; fileRef = 2D7D991029C37E6700D78A34 /* FarkindalikVC.swift */; };
		2D7D991329C37E8900D78A34 /* OneriVeKatkiVC.swift in Sources */ = {isa = PBXBuildFile; fileRef = 2D7D991229C37E8900D78A34 /* OneriVeKatkiVC.swift */; };
		2D8856BF2A05D08A0053229D /* GoogleService-Info.plist in Resources */ = {isa = PBXBuildFile; fileRef = 2D8856BE2A05D08A0053229D /* GoogleService-Info.plist */; };
		2D8856C22A05D4A20053229D /* FirebaseAuth in Frameworks */ = {isa = PBXBuildFile; productRef = 2D8856C12A05D4A20053229D /* FirebaseAuth */; };
		2D8856C42A05D4A20053229D /* FirebaseDatabase in Frameworks */ = {isa = PBXBuildFile; productRef = 2D8856C32A05D4A20053229D /* FirebaseDatabase */; };
		2D8856C62A05D4A20053229D /* FirebaseFirestore in Frameworks */ = {isa = PBXBuildFile; productRef = 2D8856C52A05D4A20053229D /* FirebaseFirestore */; };
		2D8856C82A05D4A20053229D /* FirebaseStorage in Frameworks */ = {isa = PBXBuildFile; productRef = 2D8856C72A05D4A20053229D /* FirebaseStorage */; };
		2DE3E22629C1F672004137C2 /* AppDelegate.swift in Sources */ = {isa = PBXBuildFile; fileRef = 2DE3E22529C1F672004137C2 /* AppDelegate.swift */; };
		2DE3E22829C1F672004137C2 /* SceneDelegate.swift in Sources */ = {isa = PBXBuildFile; fileRef = 2DE3E22729C1F672004137C2 /* SceneDelegate.swift */; };
		2DE3E22A29C1F672004137C2 /* ViewController.swift in Sources */ = {isa = PBXBuildFile; fileRef = 2DE3E22929C1F672004137C2 /* ViewController.swift */; };
		2DE3E22D29C1F672004137C2 /* Main.storyboard in Resources */ = {isa = PBXBuildFile; fileRef = 2DE3E22B29C1F672004137C2 /* Main.storyboard */; };
		2DE3E22F29C1F673004137C2 /* Assets.xcassets in Resources */ = {isa = PBXBuildFile; fileRef = 2DE3E22E29C1F673004137C2 /* Assets.xcassets */; };
		2DE3E23229C1F673004137C2 /* LaunchScreen.storyboard in Resources */ = {isa = PBXBuildFile; fileRef = 2DE3E23029C1F673004137C2 /* LaunchScreen.storyboard */; };
/* End PBXBuildFile section */

/* Begin PBXFileReference section */
		2D7D990A29C379A800D78A34 /* BitkilerVC.swift */ = {isa = PBXFileReference; lastKnownFileType = sourcecode.swift; path = BitkilerVC.swift; sourceTree = "<group>"; };
		2D7D990C29C37DCD00D78A34 /* BitkilerDetayVC.swift */ = {isa = PBXFileReference; lastKnownFileType = sourcecode.swift; path = BitkilerDetayVC.swift; sourceTree = "<group>"; };
		2D7D990E29C37E3300D78A34 /* NelerdenKorunmaliyizVC.swift */ = {isa = PBXFileReference; lastKnownFileType = sourcecode.swift; path = NelerdenKorunmaliyizVC.swift; sourceTree = "<group>"; };
		2D7D991029C37E6700D78A34 /* FarkindalikVC.swift */ = {isa = PBXFileReference; lastKnownFileType = sourcecode.swift; path = FarkindalikVC.swift; sourceTree = "<group>"; };
		2D7D991229C37E8900D78A34 /* OneriVeKatkiVC.swift */ = {isa = PBXFileReference; lastKnownFileType = sourcecode.swift; path = OneriVeKatkiVC.swift; sourceTree = "<group>"; };
		2D8856BE2A05D08A0053229D /* GoogleService-Info.plist */ = {isa = PBXFileReference; fileEncoding = 4; lastKnownFileType = text.plist.xml; path = "GoogleService-Info.plist"; sourceTree = "<group>"; };
		2DE3E22229C1F672004137C2 /* SifaliBitkiler.app */ = {isa = PBXFileReference; explicitFileType = wrapper.application; includeInIndex = 0; path = SifaliBitkiler.app; sourceTree = BUILT_PRODUCTS_DIR; };
		2DE3E22529C1F672004137C2 /* AppDelegate.swift */ = {isa = PBXFileReference; lastKnownFileType = sourcecode.swift; path = AppDelegate.swift; sourceTree = "<group>"; };
		2DE3E22729C1F672004137C2 /* SceneDelegate.swift */ = {isa = PBXFileReference; lastKnownFileType = sourcecode.swift; path = SceneDelegate.swift; sourceTree = "<group>"; };
		2DE3E22929C1F672004137C2 /* ViewController.swift */ = {isa = PBXFileReference; lastKnownFileType = sourcecode.swift; path = ViewController.swift; sourceTree = "<group>"; };
		2DE3E22C29C1F672004137C2 /* Base */ = {isa = PBXFileReference; lastKnownFileType = file.storyboard; name = Base; path = Base.lproj/Main.storyboard; sourceTree = "<group>"; };
		2DE3E22E29C1F673004137C2 /* Assets.xcassets */ = {isa = PBXFileReference; lastKnownFileType = folder.assetcatalog; path = Assets.xcassets; sourceTree = "<group>"; };
		2DE3E23129C1F673004137C2 /* Base */ = {isa = PBXFileReference; lastKnownFileType = file.storyboard; name = Base; path = Base.lproj/LaunchScreen.storyboard; sourceTree = "<group>"; };
		2DE3E23329C1F673004137C2 /* Info.plist */ = {isa = PBXFileReference; lastKnownFileType = text.plist.xml; path = Info.plist; sourceTree = "<group>"; };
/* End PBXFileReference section */

/* Begin PBXFrameworksBuildPhase section */
		2DE3E21F29C1F672004137C2 /* Frameworks */ = {
			isa = PBXFrameworksBuildPhase;
			buildActionMask = 2147483647;
			files = (
				2D8856C42A05D4A20053229D /* FirebaseDatabase in Frameworks */,
				2D8856C82A05D4A20053229D /* FirebaseStorage in Frameworks */,
				2D8856C22A05D4A20053229D /* FirebaseAuth in Frameworks */,
				2D8856C62A05D4A20053229D /* FirebaseFirestore in Frameworks */,
			);
			runOnlyForDeploymentPostprocessing = 0;
		};
/* End PBXFrameworksBuildPhase section */

/* Begin PBXGroup section */
		2DE3E21929C1F672004137C2 = {
			isa = PBXGroup;
			children = (
				2DE3E22429C1F672004137C2 /* SifaliBitkiler */,
				2DE3E22329C1F672004137C2 /* Products */,
			);
			sourceTree = "<group>";
		};
		2DE3E22329C1F672004137C2 /* Products */ = {
			isa = PBXGroup;
			children = (
				2DE3E22229C1F672004137C2 /* SifaliBitkiler.app */,
			);
			name = Products;
			sourceTree = "<group>";
		};
		2DE3E22429C1F672004137C2 /* SifaliBitkiler */ = {
			isa = PBXGroup;
			children = (
				2DE3E23B29C1F970004137C2 /* Model View */,
				2DE3E23A29C1F969004137C2 /* Model */,
				2DE3E23929C1F95D004137C2 /* View */,
				2DE3E22B29C1F672004137C2 /* Main.storyboard */,
				2DE3E22E29C1F673004137C2 /* Assets.xcassets */,
				2DE3E23029C1F673004137C2 /* LaunchScreen.storyboard */,
				2DE3E23329C1F673004137C2 /* Info.plist */,
				2D8856BE2A05D08A0053229D /* GoogleService-Info.plist */,
			);
			path = SifaliBitkiler;
			sourceTree = "<group>";
		};
		2DE3E23929C1F95D004137C2 /* View */ = {
			isa = PBXGroup;
			children = (
				2DE3E22529C1F672004137C2 /* AppDelegate.swift */,
				2DE3E22729C1F672004137C2 /* SceneDelegate.swift */,
				2DE3E22929C1F672004137C2 /* ViewController.swift */,
				2D7D990A29C379A800D78A34 /* BitkilerVC.swift */,
				2D7D990C29C37DCD00D78A34 /* BitkilerDetayVC.swift */,
				2D7D990E29C37E3300D78A34 /* NelerdenKorunmaliyizVC.swift */,
				2D7D991029C37E6700D78A34 /* FarkindalikVC.swift */,
				2D7D991229C37E8900D78A34 /* OneriVeKatkiVC.swift */,
			);
			path = View;
			sourceTree = "<group>";
		};
		2DE3E23A29C1F969004137C2 /* Model */ = {
			isa = PBXGroup;
			children = (
			);
			path = Model;
			sourceTree = "<group>";
		};
		2DE3E23B29C1F970004137C2 /* Model View */ = {
			isa = PBXGroup;
			children = (
			);
			path = "Model View";
			sourceTree = "<group>";
		};
/* End PBXGroup section */

/* Begin PBXNativeTarget section */
		2DE3E22129C1F672004137C2 /* SifaliBitkiler */ = {
			isa = PBXNativeTarget;
			buildConfigurationList = 2DE3E23629C1F673004137C2 /* Build configuration list for PBXNativeTarget "SifaliBitkiler" */;
			buildPhases = (
				2DE3E21E29C1F672004137C2 /* Sources */,
				2DE3E21F29C1F672004137C2 /* Frameworks */,
				2DE3E22029C1F672004137C2 /* Resources */,
			);
			buildRules = (
			);
			dependencies = (
			);
			name = SifaliBitkiler;
			packageProductDependencies = (
				2D8856C12A05D4A20053229D /* FirebaseAuth */,
				2D8856C32A05D4A20053229D /* FirebaseDatabase */,
				2D8856C52A05D4A20053229D /* FirebaseFirestore */,
				2D8856C72A05D4A20053229D /* FirebaseStorage */,
			);
			productName = SifaliBitkiler;
			productReference = 2DE3E22229C1F672004137C2 /* SifaliBitkiler.app */;
			productType = "com.apple.product-type.application";
		};
/* End PBXNativeTarget section */

/* Begin PBXProject section */
		2DE3E21A29C1F672004137C2 /* Project object */ = {
			isa = PBXProject;
			attributes = {
				BuildIndependentTargetsInParallel = 1;
				LastSwiftUpdateCheck = 1420;
				LastUpgradeCheck = 1420;
				TargetAttributes = {
					2DE3E22129C1F672004137C2 = {
						CreatedOnToolsVersion = 14.2;
					};
				};
			};
			buildConfigurationList = 2DE3E21D29C1F672004137C2 /* Build configuration list for PBXProject "SifaliBitkiler" */;
			compatibilityVersion = "Xcode 14.0";
			developmentRegion = en;
			hasScannedForEncodings = 0;
			knownRegions = (
				en,
				Base,
			);
			mainGroup = 2DE3E21929C1F672004137C2;
			packageReferences = (
				2D8856C02A05D4A20053229D /* XCRemoteSwiftPackageReference "firebase-ios-sdk" */,
			);
			productRefGroup = 2DE3E22329C1F672004137C2 /* Products */;
			projectDirPath = "";
			projectRoot = "";
			targets = (
				2DE3E22129C1F672004137C2 /* SifaliBitkiler */,
			);
		};
/* End PBXProject section */

/* Begin PBXResourcesBuildPhase section */
		2DE3E22029C1F672004137C2 /* Resources */ = {
			isa = PBXResourcesBuildPhase;
			buildActionMask = 2147483647;
			files = (
				2DE3E23229C1F673004137C2 /* LaunchScreen.storyboard in Resources */,
				2D8856BF2A05D08A0053229D /* GoogleService-Info.plist in Resources */,
				2DE3E22F29C1F673004137C2 /* Assets.xcassets in Resources */,
				2DE3E22D29C1F672004137C2 /* Main.storyboard in Resources */,
			);
			runOnlyForDeploymentPostprocessing = 0;
		};
/* End PBXResourcesBuildPhase section */

/* Begin PBXSourcesBuildPhase section */
		2DE3E21E29C1F672004137C2 /* Sources */ = {
			isa = PBXSourcesBuildPhase;
			buildActionMask = 2147483647;
			files = (
				2D7D990D29C37DCD00D78A34 /* BitkilerDetayVC.swift in Sources */,
				2D7D990F29C37E3300D78A34 /* NelerdenKorunmaliyizVC.swift in Sources */,
				2D7D991129C37E6700D78A34 /* FarkindalikVC.swift in Sources */,
				2DE3E22A29C1F672004137C2 /* ViewController.swift in Sources */,
				2D7D991329C37E8900D78A34 /* OneriVeKatkiVC.swift in Sources */,
				2DE3E22629C1F672004137C2 /* AppDelegate.swift in Sources */,
				2D7D990B29C379A800D78A34 /* BitkilerVC.swift in Sources */,
				2DE3E22829C1F672004137C2 /* SceneDelegate.swift in Sources */,
			);
			runOnlyForDeploymentPostprocessing = 0;
		};
/* End PBXSourcesBuildPhase section */

/* Begin PBXVariantGroup section */
		2DE3E22B29C1F672004137C2 /* Main.storyboard */ = {
			isa = PBXVariantGroup;
			children = (
				2DE3E22C29C1F672004137C2 /* Base */,
			);
			name = Main.storyboard;
			sourceTree = "<group>";
		};
		2DE3E23029C1F673004137C2 /* LaunchScreen.storyboard */ = {
			isa = PBXVariantGroup;
			children = (
				2DE3E23129C1F673004137C2 /* Base */,
			);
			name = LaunchScreen.storyboard;
			sourceTree = "<group>";
		};
/* End PBXVariantGroup section */

/* Begin XCBuildConfiguration section */
		2DE3E23429C1F673004137C2 /* Debug */ = {
			isa = XCBuildConfiguration;
			buildSettings = {
				ALWAYS_SEARCH_USER_PATHS = NO;
				CLANG_ANALYZER_NONNULL = YES;
				CLANG_ANALYZER_NUMBER_OBJECT_CONVERSION = YES_AGGRESSIVE;
				CLANG_CXX_LANGUAGE_STANDARD = "gnu++20";
				CLANG_ENABLE_MODULES = YES;
				CLANG_ENABLE_OBJC_ARC = YES;
				CLANG_ENABLE_OBJC_WEAK = YES;
				CLANG_WARN_BLOCK_CAPTURE_AUTORELEASING = YES;
				CLANG_WARN_BOOL_CONVERSION = YES;
				CLANG_WARN_COMMA = YES;
				CLANG_WARN_CONSTANT_CONVERSION = YES;
				CLANG_WARN_DEPRECATED_OBJC_IMPLEMENTATIONS = YES;
				CLANG_WARN_DIRECT_OBJC_ISA_USAGE = YES_ERROR;
				CLANG_WARN_DOCUMENTATION_COMMENTS = YES;
				CLANG_WARN_EMPTY_BODY = YES;
				CLANG_WARN_ENUM_CONVERSION = YES;
				CLANG_WARN_INFINITE_RECURSION = YES;
				CLANG_WARN_INT_CONVERSION = YES;
				CLANG_WARN_NON_LITERAL_NULL_CONVERSION = YES;
				CLANG_WARN_OBJC_IMPLICIT_RETAIN_SELF = YES;
				CLANG_WARN_OBJC_LITERAL_CONVERSION = YES;
				CLANG_WARN_OBJC_ROOT_CLASS = YES_ERROR;
				CLANG_WARN_QUOTED_INCLUDE_IN_FRAMEWORK_HEADER = YES;
				CLANG_WARN_RANGE_LOOP_ANALYSIS = YES;
				CLANG_WARN_STRICT_PROTOTYPES = YES;
				CLANG_WARN_SUSPICIOUS_MOVE = YES;
				CLANG_WARN_UNGUARDED_AVAILABILITY = YES_AGGRESSIVE;
				CLANG_WARN_UNREACHABLE_CODE = YES;
				CLANG_WARN__DUPLICATE_METHOD_MATCH = YES;
				COPY_PHASE_STRIP = NO;
				DEBUG_INFORMATION_FORMAT = dwarf;
				ENABLE_STRICT_OBJC_MSGSEND = YES;
				ENABLE_TESTABILITY = YES;
				GCC_C_LANGUAGE_STANDARD = gnu11;
				GCC_DYNAMIC_NO_PIC = NO;
				GCC_NO_COMMON_BLOCKS = YES;
				GCC_OPTIMIZATION_LEVEL = 0;
				GCC_PREPROCESSOR_DEFINITIONS = (
					"DEBUG=1",
					"$(inherited)",
				);
				GCC_WARN_64_TO_32_BIT_CONVERSION = YES;
				GCC_WARN_ABOUT_RETURN_TYPE = YES_ERROR;
				GCC_WARN_UNDECLARED_SELECTOR = YES;
				GCC_WARN_UNINITIALIZED_AUTOS = YES_AGGRESSIVE;
				GCC_WARN_UNUSED_FUNCTION = YES;
				GCC_WARN_UNUSED_VARIABLE = YES;
				IPHONEOS_DEPLOYMENT_TARGET = 16.2;
				MTL_ENABLE_DEBUG_INFO = INCLUDE_SOURCE;
				MTL_FAST_MATH = YES;
				ONLY_ACTIVE_ARCH = YES;
				SDKROOT = iphoneos;
				SWIFT_ACTIVE_COMPILATION_CONDITIONS = DEBUG;
				SWIFT_OPTIMIZATION_LEVEL = "-Onone";
			};
			name = Debug;
		};
		2DE3E23529C1F673004137C2 /* Release */ = {
			isa = XCBuildConfiguration;
			buildSettings = {
				ALWAYS_SEARCH_USER_PATHS = NO;
				CLANG_ANALYZER_NONNULL = YES;
				CLANG_ANALYZER_NUMBER_OBJECT_CONVERSION = YES_AGGRESSIVE;
				CLANG_CXX_LANGUAGE_STANDARD = "gnu++20";
				CLANG_ENABLE_MODULES = YES;
				CLANG_ENABLE_OBJC_ARC = YES;
				CLANG_ENABLE_OBJC_WEAK = YES;
				CLANG_WARN_BLOCK_CAPTURE_AUTORELEASING = YES;
				CLANG_WARN_BOOL_CONVERSION = YES;
				CLANG_WARN_COMMA = YES;
				CLANG_WARN_CONSTANT_CONVERSION = YES;
				CLANG_WARN_DEPRECATED_OBJC_IMPLEMENTATIONS = YES;
				CLANG_WARN_DIRECT_OBJC_ISA_USAGE = YES_ERROR;
				CLANG_WARN_DOCUMENTATION_COMMENTS = YES;
				CLANG_WARN_EMPTY_BODY = YES;
				CLANG_WARN_ENUM_CONVERSION = YES;
				CLANG_WARN_INFINITE_RECURSION = YES;
				CLANG_WARN_INT_CONVERSION = YES;
				CLANG_WARN_NON_LITERAL_NULL_CONVERSION = YES;
				CLANG_WARN_OBJC_IMPLICIT_RETAIN_SELF = YES;
				CLANG_WARN_OBJC_LITERAL_CONVERSION = YES;
				CLANG_WARN_OBJC_ROOT_CLASS = YES_ERROR;
				CLANG_WARN_QUOTED_INCLUDE_IN_FRAMEWORK_HEADER = YES;
				CLANG_WARN_RANGE_LOOP_ANALYSIS = YES;
				CLANG_WARN_STRICT_PROTOTYPES = YES;
				CLANG_WARN_SUSPICIOUS_MOVE = YES;
				CLANG_WARN_UNGUARDED_AVAILABILITY = YES_AGGRESSIVE;
				CLANG_WARN_UNREACHABLE_CODE = YES;
				CLANG_WARN__DUPLICATE_METHOD_MATCH = YES;
				COPY_PHASE_STRIP = NO;
				DEBUG_INFORMATION_FORMAT = "dwarf-with-dsym";
				ENABLE_NS_ASSERTIONS = NO;
				ENABLE_STRICT_OBJC_MSGSEND = YES;
				GCC_C_LANGUAGE_STANDARD = gnu11;
				GCC_NO_COMMON_BLOCKS = YES;
				GCC_WARN_64_TO_32_BIT_CONVERSION = YES;
				GCC_WARN_ABOUT_RETURN_TYPE = YES_ERROR;
				GCC_WARN_UNDECLARED_SELECTOR = YES;
				GCC_WARN_UNINITIALIZED_AUTOS = YES_AGGRESSIVE;
				GCC_WARN_UNUSED_FUNCTION = YES;
				GCC_WARN_UNUSED_VARIABLE = YES;
				IPHONEOS_DEPLOYMENT_TARGET = 16.2;
				MTL_ENABLE_DEBUG_INFO = NO;
				MTL_FAST_MATH = YES;
				SDKROOT = iphoneos;
				SWIFT_COMPILATION_MODE = wholemodule;
				SWIFT_OPTIMIZATION_LEVEL = "-O";
				VALIDATE_PRODUCT = YES;
			};
			name = Release;
		};
		2DE3E23729C1F673004137C2 /* Debug */ = {
			isa = XCBuildConfiguration;
			buildSettings = {
				ASSETCATALOG_COMPILER_APPICON_NAME = AppIcon;
				ASSETCATALOG_COMPILER_GLOBAL_ACCENT_COLOR_NAME = AccentColor;
				CODE_SIGN_STYLE = Automatic;
				CURRENT_PROJECT_VERSION = 1;
				DEVELOPMENT_TEAM = 4N68KL7P3X;
				GENERATE_INFOPLIST_FILE = YES;
				INFOPLIST_FILE = SifaliBitkiler/Info.plist;
				INFOPLIST_KEY_UIApplicationSupportsIndirectInputEvents = YES;
				INFOPLIST_KEY_UILaunchStoryboardName = LaunchScreen;
				INFOPLIST_KEY_UIMainStoryboardFile = Main;
				INFOPLIST_KEY_UISupportedInterfaceOrientations_iPad = "UIInterfaceOrientationPortrait UIInterfaceOrientationPortraitUpsideDown UIInterfaceOrientationLandscapeLeft UIInterfaceOrientationLandscapeRight";
				INFOPLIST_KEY_UISupportedInterfaceOrientations_iPhone = "UIInterfaceOrientationPortrait UIInterfaceOrientationLandscapeLeft UIInterfaceOrientationLandscapeRight";
				LD_RUNPATH_SEARCH_PATHS = (
					"$(inherited)",
					"@executable_path/Frameworks",
				);
				MARKETING_VERSION = 1.0;
				PRODUCT_BUNDLE_IDENTIFIER = com.erbilcan.SifaliBitkiler;
				PRODUCT_NAME = "$(TARGET_NAME)";
				SWIFT_EMIT_LOC_STRINGS = YES;
				SWIFT_VERSION = 5.0;
				TARGETED_DEVICE_FAMILY = "1,2";
			};
			name = Debug;
		};
		2DE3E23829C1F673004137C2 /* Release */ = {
			isa = XCBuildConfiguration;
			buildSettings = {
				ASSETCATALOG_COMPILER_APPICON_NAME = AppIcon;
				ASSETCATALOG_COMPILER_GLOBAL_ACCENT_COLOR_NAME = AccentColor;
				CODE_SIGN_STYLE = Automatic;
				CURRENT_PROJECT_VERSION = 1;
				DEVELOPMENT_TEAM = 4N68KL7P3X;
				GENERATE_INFOPLIST_FILE = YES;
				INFOPLIST_FILE = SifaliBitkiler/Info.plist;
				INFOPLIST_KEY_UIApplicationSupportsIndirectInputEvents = YES;
				INFOPLIST_KEY_UILaunchStoryboardName = LaunchScreen;
				INFOPLIST_KEY_UIMainStoryboardFile = Main;
				INFOPLIST_KEY_UISupportedInterfaceOrientations_iPad = "UIInterfaceOrientationPortrait UIInterfaceOrientationPortraitUpsideDown UIInterfaceOrientationLandscapeLeft UIInterfaceOrientationLandscapeRight";
				INFOPLIST_KEY_UISupportedInterfaceOrientations_iPhone = "UIInterfaceOrientationPortrait UIInterfaceOrientationLandscapeLeft UIInterfaceOrientationLandscapeRight";
				LD_RUNPATH_SEARCH_PATHS = (
					"$(inherited)",
					"@executable_path/Frameworks",
				);
				MARKETING_VERSION = 1.0;
				PRODUCT_BUNDLE_IDENTIFIER = com.erbilcan.SifaliBitkiler;
				PRODUCT_NAME = "$(TARGET_NAME)";
				SWIFT_EMIT_LOC_STRINGS = YES;
				SWIFT_VERSION = 5.0;
				TARGETED_DEVICE_FAMILY = "1,2";
			};
			name = Release;
		};
/* End XCBuildConfiguration section */

/* Begin XCConfigurationList section */
		2DE3E21D29C1F672004137C2 /* Build configuration list for PBXProject "SifaliBitkiler" */ = {
			isa = XCConfigurationList;
			buildConfigurations = (
				2DE3E23429C1F673004137C2 /* Debug */,
				2DE3E23529C1F673004137C2 /* Release */,
			);
			defaultConfigurationIsVisible = 0;
			defaultConfigurationName = Release;
		};
		2DE3E23629C1F673004137C2 /* Build configuration list for PBXNativeTarget "SifaliBitkiler" */ = {
			isa = XCConfigurationList;
			buildConfigurations = (
				2DE3E23729C1F673004137C2 /* Debug */,
				2DE3E23829C1F673004137C2 /* Release */,
			);
			defaultConfigurationIsVisible = 0;
			defaultConfigurationName = Release;
		};
/* End XCConfigurationList section */

/* Begin XCRemoteSwiftPackageReference section */
		2D8856C02A05D4A20053229D /* XCRemoteSwiftPackageReference "firebase-ios-sdk" */ = {
			isa = XCRemoteSwiftPackageReference;
			repositoryURL = "https://github.com/firebase/firebase-ios-sdk";
			requirement = {
				kind = upToNextMajorVersion;
				minimumVersion = 10.0.0;
			};
		};
/* End XCRemoteSwiftPackageReference section */

/* Begin XCSwiftPackageProductDependency section */
		2D8856C12A05D4A20053229D /* FirebaseAuth */ = {
			isa = XCSwiftPackageProductDependency;
			package = 2D8856C02A05D4A20053229D /* XCRemoteSwiftPackageReference "firebase-ios-sdk" */;
			productName = FirebaseAuth;
		};
		2D8856C32A05D4A20053229D /* FirebaseDatabase */ = {
			isa = XCSwiftPackageProductDependency;
			package = 2D8856C02A05D4A20053229D /* XCRemoteSwiftPackageReference "firebase-ios-sdk" */;
			productName = FirebaseDatabase;
		};
		2D8856C52A05D4A20053229D /* FirebaseFirestore */ = {
			isa = XCSwiftPackageProductDependency;
			package = 2D8856C02A05D4A20053229D /* XCRemoteSwiftPackageReference "firebase-ios-sdk" */;
			productName = FirebaseFirestore;
		};
		2D8856C72A05D4A20053229D /* FirebaseStorage */ = {
			isa = XCSwiftPackageProductDependency;
			package = 2D8856C02A05D4A20053229D /* XCRemoteSwiftPackageReference "firebase-ios-sdk" */;
			productName = FirebaseStorage;
		};
/* End XCSwiftPackageProductDependency section */
	};
	rootObject = 2DE3E21A29C1F672004137C2 /* Project object */;
}
